
Microsoft Visual Studio Solution File, Format Version 12.00
Project("{FAE04EC0-301F-11D3-BF4B-00C04F79EFBC}") = "executables", "executables\executables.csproj", "{24B79985-074B-4FE6-A0E0-F15CEB1A7829}"
EndProject
Project("{FAE04EC0-301F-11D3-BF4B-00C04F79EFBC}") = "executables.tests", "executables.tests\executables.tests.csproj", "{C74EB7E5-15BD-4D77-B33C-3C08A0E29930}"
EndProject
Global
	GlobalSection(SolutionConfigurationPlatforms) = preSolution
		Debug|Any CPU = Debug|Any CPU
		Release|Any CPU = Release|Any CPU
	EndGlobalSection
	GlobalSection(ProjectConfigurationPlatforms) = postSolution
		{24B79985-074B-4FE6-A0E0-F15CEB1A7829}.Debug|Any CPU.ActiveCfg = Debug|Any CPU
		{24B79985-074B-4FE6-A0E0-F15CEB1A7829}.Debug|Any CPU.Build.0 = Debug|Any CPU
		{24B79985-074B-4FE6-A0E0-F15CEB1A7829}.Release|Any CPU.ActiveCfg = Release|Any CPU
		{24B79985-074B-4FE6-A0E0-F15CEB1A7829}.Release|Any CPU.Build.0 = Release|Any CPU
		{C74EB7E5-15BD-4D77-B33C-3C08A0E29930}.Debug|Any CPU.ActiveCfg = Debug|Any CPU
		{C74EB7E5-15BD-4D77-B33C-3C08A0E29930}.Debug|Any CPU.Build.0 = Debug|Any CPU
		{C74EB7E5-15BD-4D77-B33C-3C08A0E29930}.Release|Any CPU.ActiveCfg = Release|Any CPU
		{C74EB7E5-15BD-4D77-B33C-3C08A0E29930}.Release|Any CPU.Build.0 = Release|Any CPU
	EndGlobalSection
EndGlobal
