
Microsoft Visual Studio Solution File, Format Version 12.00
Project("{FAE04EC0-301F-11D3-BF4B-00C04F79EFBC}") = "interactions", "interactions\interactions.csproj", "{24B79985-074B-4FE6-A0E0-F15CEB1A7829}"
EndProject
Project("{FAE04EC0-301F-11D3-BF4B-00C04F79EFBC}") = "interactions.tests", "interactions.tests\interactions.tests.csproj", "{C74EB7E5-15BD-4D77-B33C-3C08A0E29930}"
EndProject
Project("{FAE04EC0-301F-11D3-BF4B-00C04F79EFBC}") = "interactions.core", "interactions.core\interactions.core.csproj", "{E8B8DF54-B2F4-4C8E-990E-14DC845FAEB2}"
EndProject
Project("{FAE04EC0-301F-11D3-BF4B-00C04F79EFBC}") = "interactions.core.tests", "interactions.core.tests\interactions.core.tests.csproj", "{AFDE3D79-674A-4C96-A82D-07C0D8F4619E}"
EndProject
Global
	GlobalSection(SolutionConfigurationPlatforms) = preSolution
		Debug|Any CPU = Debug|Any CPU
		Release|Any CPU = Release|Any CPU
	EndGlobalSection
	GlobalSection(ProjectConfigurationPlatforms) = postSolution
		{24B79985-074B-4FE6-A0E0-F15CEB1A7829}.Debug|Any CPU.ActiveCfg = Debug|Any CPU
		{24B79985-074B-4FE6-A0E0-F15CEB1A7829}.Debug|Any CPU.Build.0 = Debug|Any CPU
		{24B79985-074B-4FE6-A0E0-F15CEB1A7829}.Release|Any CPU.ActiveCfg = Release|Any CPU
		{24B79985-074B-4FE6-A0E0-F15CEB1A7829}.Release|Any CPU.Build.0 = Release|Any CPU
		{C74EB7E5-15BD-4D77-B33C-3C08A0E29930}.Debug|Any CPU.ActiveCfg = Debug|Any CPU
		{C74EB7E5-15BD-4D77-B33C-3C08A0E29930}.Debug|Any CPU.Build.0 = Debug|Any CPU
		{C74EB7E5-15BD-4D77-B33C-3C08A0E29930}.Release|Any CPU.ActiveCfg = Release|Any CPU
		{C74EB7E5-15BD-4D77-B33C-3C08A0E29930}.Release|Any CPU.Build.0 = Release|Any CPU
		{E8B8DF54-B2F4-4C8E-990E-14DC845FAEB2}.Debug|Any CPU.ActiveCfg = Debug|Any CPU
		{E8B8DF54-B2F4-4C8E-990E-14DC845FAEB2}.Debug|Any CPU.Build.0 = Debug|Any CPU
		{E8B8DF54-B2F4-4C8E-990E-14DC845FAEB2}.Release|Any CPU.ActiveCfg = Release|Any CPU
		{E8B8DF54-B2F4-4C8E-990E-14DC845FAEB2}.Release|Any CPU.Build.0 = Release|Any CPU
		{AFDE3D79-674A-4C96-A82D-07C0D8F4619E}.Debug|Any CPU.ActiveCfg = Debug|Any CPU
		{AFDE3D79-674A-4C96-A82D-07C0D8F4619E}.Debug|Any CPU.Build.0 = Debug|Any CPU
		{AFDE3D79-674A-4C96-A82D-07C0D8F4619E}.Release|Any CPU.ActiveCfg = Release|Any CPU
		{AFDE3D79-674A-4C96-A82D-07C0D8F4619E}.Release|Any CPU.Build.0 = Release|Any CPU
	EndGlobalSection
EndGlobal
